// !$*UTF8*$!
{
	archiveVersion = 1;
	classes = {
	};
	objectVersion = 46;
	objects = {

/* Begin PBXBuildFile section */
		813A9A451D6722C8003F1109 /* main.m in Sources */ = {isa = PBXBuildFile; fileRef = 813A9A441D6722C8003F1109 /* main.m */; };
		813A9A481D6722C8003F1109 /* AppDelegate.m in Sources */ = {isa = PBXBuildFile; fileRef = 813A9A471D6722C8003F1109 /* AppDelegate.m */; };
		813A9A4B1D6722C8003F1109 /* ViewController.m in Sources */ = {isa = PBXBuildFile; fileRef = 813A9A4A1D6722C8003F1109 /* ViewController.m */; };
		813A9A4E1D6722C8003F1109 /* Main.storyboard in Resources */ = {isa = PBXBuildFile; fileRef = 813A9A4C1D6722C8003F1109 /* Main.storyboard */; };
		813A9A501D6722C8003F1109 /* Assets.xcassets in Resources */ = {isa = PBXBuildFile; fileRef = 813A9A4F1D6722C8003F1109 /* Assets.xcassets */; };
		813A9A531D6722C8003F1109 /* LaunchScreen.storyboard in Resources */ = {isa = PBXBuildFile; fileRef = 813A9A511D6722C8003F1109 /* LaunchScreen.storyboard */; };
		813A9A5E1D6727E8003F1109 /* Auto.m in Sources */ = {isa = PBXBuildFile; fileRef = 813A9A5D1D6727E8003F1109 /* Auto.m */; };
		813A9A611D672869003F1109 /* Driver.m in Sources */ = {isa = PBXBuildFile; fileRef = 813A9A601D672869003F1109 /* Driver.m */; };
		813A9A651D6729F8003F1109 /* Camel.m in Sources */ = {isa = PBXBuildFile; fileRef = 813A9A641D6729F8003F1109 /* Camel.m */; };
		813A9A681D672A74003F1109 /* CamelToTransportAdapter.m in Sources */ = {isa = PBXBuildFile; fileRef = 813A9A671D672A74003F1109 /* CamelToTransportAdapter.m */; };
		81FCF8161D8B0E1F00A808BB /* LICENSE in Resources */ = {isa = PBXBuildFile; fileRef = 81FCF8151D8B0E1F00A808BB /* LICENSE */; };
/* End PBXBuildFile section */

/* Begin PBXFileReference section */
		813A9A401D6722C8003F1109 /* adapter_pattern.app */ = {isa = PBXFileReference; explicitFileType = wrapper.application; includeInIndex = 0; path = adapter_pattern.app; sourceTree = BUILT_PRODUCTS_DIR; };
		813A9A441D6722C8003F1109 /* main.m */ = {isa = PBXFileReference; lastKnownFileType = sourcecode.c.objc; path = main.m; sourceTree = "<group>"; };
		813A9A461D6722C8003F1109 /* AppDelegate.h */ = {isa = PBXFileReference; lastKnownFileType = sourcecode.c.h; path = AppDelegate.h; sourceTree = "<group>"; };
		813A9A471D6722C8003F1109 /* AppDelegate.m */ = {isa = PBXFileReference; lastKnownFileType = sourcecode.c.objc; path = AppDelegate.m; sourceTree = "<group>"; };
		813A9A491D6722C8003F1109 /* ViewController.h */ = {isa = PBXFileReference; lastKnownFileType = sourcecode.c.h; path = ViewController.h; sourceTree = "<group>"; };
		813A9A4A1D6722C8003F1109 /* ViewController.m */ = {isa = PBXFileReference; lastKnownFileType = sourcecode.c.objc; path = ViewController.m; sourceTree = "<group>"; };
		813A9A4D1D6722C8003F1109 /* Base */ = {isa = PBXFileReference; lastKnownFileType = file.storyboard; name = Base; path = Base.lproj/Main.storyboard; sourceTree = "<group>"; };
		813A9A4F1D6722C8003F1109 /* Assets.xcassets */ = {isa = PBXFileReference; lastKnownFileType = folder.assetcatalog; path = Assets.xcassets; sourceTree = "<group>"; };
		813A9A521D6722C8003F1109 /* Base */ = {isa = PBXFileReference; lastKnownFileType = file.storyboard; name = Base; path = Base.lproj/LaunchScreen.storyboard; sourceTree = "<group>"; };
		813A9A541D6722C8003F1109 /* Info.plist */ = {isa = PBXFileReference; lastKnownFileType = text.plist.xml; path = Info.plist; sourceTree = "<group>"; };
		813A9A5B1D6727BB003F1109 /* ITransport.h */ = {isa = PBXFileReference; fileEncoding = 4; lastKnownFileType = sourcecode.c.h; path = ITransport.h; sourceTree = "<group>"; };
		813A9A5C1D6727E8003F1109 /* Auto.h */ = {isa = PBXFileReference; fileEncoding = 4; lastKnownFileType = sourcecode.c.h; path = Auto.h; sourceTree = "<group>"; };
		813A9A5D1D6727E8003F1109 /* Auto.m */ = {isa = PBXFileReference; fileEncoding = 4; lastKnownFileType = sourcecode.c.objc; path = Auto.m; sourceTree = "<group>"; };
		813A9A5F1D672869003F1109 /* Driver.h */ = {isa = PBXFileReference; fileEncoding = 4; lastKnownFileType = sourcecode.c.h; path = Driver.h; sourceTree = "<group>"; };
		813A9A601D672869003F1109 /* Driver.m */ = {isa = PBXFileReference; fileEncoding = 4; lastKnownFileType = sourcecode.c.objc; path = Driver.m; sourceTree = "<group>"; };
		813A9A621D672986003F1109 /* IAnimal.h */ = {isa = PBXFileReference; fileEncoding = 4; lastKnownFileType = sourcecode.c.h; path = IAnimal.h; sourceTree = "<group>"; };
		813A9A631D6729F8003F1109 /* Camel.h */ = {isa = PBXFileReference; fileEncoding = 4; lastKnownFileType = sourcecode.c.h; path = Camel.h; sourceTree = "<group>"; };
		813A9A641D6729F8003F1109 /* Camel.m */ = {isa = PBXFileReference; fileEncoding = 4; lastKnownFileType = sourcecode.c.objc; path = Camel.m; sourceTree = "<group>"; };
		813A9A661D672A74003F1109 /* CamelToTransportAdapter.h */ = {isa = PBXFileReference; fileEncoding = 4; lastKnownFileType = sourcecode.c.h; path = CamelToTransportAdapter.h; sourceTree = "<group>"; };
		813A9A671D672A74003F1109 /* CamelToTransportAdapter.m */ = {isa = PBXFileReference; fileEncoding = 4; lastKnownFileType = sourcecode.c.objc; path = CamelToTransportAdapter.m; sourceTree = "<group>"; };
		81FCF8151D8B0E1F00A808BB /* LICENSE */ = {isa = PBXFileReference; fileEncoding = 4; lastKnownFileType = text; path = LICENSE; sourceTree = "<group>"; };
/* End PBXFileReference section */

/* Begin PBXFrameworksBuildPhase section */
		813A9A3D1D6722C8003F1109 /* Frameworks */ = {
			isa = PBXFrameworksBuildPhase;
			buildActionMask = 2147483647;
			files = (
			);
			runOnlyForDeploymentPostprocessing = 0;
		};
/* End PBXFrameworksBuildPhase section */

/* Begin PBXGroup section */
		813A9A371D6722C8003F1109 = {
			isa = PBXGroup;
			children = (
				81FCF8151D8B0E1F00A808BB /* LICENSE */,
				813A9A421D6722C8003F1109 /* adapter_pattern */,
				813A9A411D6722C8003F1109 /* Products */,
			);
			sourceTree = "<group>";
		};
		813A9A411D6722C8003F1109 /* Products */ = {
			isa = PBXGroup;
			children = (
				813A9A401D6722C8003F1109 /* adapter_pattern.app */,
			);
			name = Products;
			sourceTree = "<group>";
		};
		813A9A421D6722C8003F1109 /* adapter_pattern */ = {
			isa = PBXGroup;
			children = (
				813A9A5A1D672670003F1109 /* Model */,
				813A9A461D6722C8003F1109 /* AppDelegate.h */,
				813A9A471D6722C8003F1109 /* AppDelegate.m */,
				813A9A491D6722C8003F1109 /* ViewController.h */,
				813A9A4A1D6722C8003F1109 /* ViewController.m */,
				813A9A4C1D6722C8003F1109 /* Main.storyboard */,
				813A9A4F1D6722C8003F1109 /* Assets.xcassets */,
				813A9A511D6722C8003F1109 /* LaunchScreen.storyboard */,
				813A9A541D6722C8003F1109 /* Info.plist */,
				813A9A431D6722C8003F1109 /* Supporting Files */,
			);
			path = adapter_pattern;
			sourceTree = "<group>";
		};
		813A9A431D6722C8003F1109 /* Supporting Files */ = {
			isa = PBXGroup;
			children = (
				813A9A441D6722C8003F1109 /* main.m */,
			);
			name = "Supporting Files";
			sourceTree = "<group>";
		};
		813A9A5A1D672670003F1109 /* Model */ = {
			isa = PBXGroup;
			children = (
				813A9A691D672CB2003F1109 /* Protocols */,
				813A9A5C1D6727E8003F1109 /* Auto.h */,
				813A9A5D1D6727E8003F1109 /* Auto.m */,
				813A9A5F1D672869003F1109 /* Driver.h */,
				813A9A601D672869003F1109 /* Driver.m */,
				813A9A631D6729F8003F1109 /* Camel.h */,
				813A9A641D6729F8003F1109 /* Camel.m */,
				813A9A661D672A74003F1109 /* CamelToTransportAdapter.h */,
				813A9A671D672A74003F1109 /* CamelToTransportAdapter.m */,
			);
			name = Model;
			sourceTree = "<group>";
		};
		813A9A691D672CB2003F1109 /* Protocols */ = {
			isa = PBXGroup;
			children = (
				813A9A5B1D6727BB003F1109 /* ITransport.h */,
				813A9A621D672986003F1109 /* IAnimal.h */,
			);
			name = Protocols;
			sourceTree = "<group>";
		};
/* End PBXGroup section */

/* Begin PBXNativeTarget section */
		813A9A3F1D6722C8003F1109 /* adapter_pattern */ = {
			isa = PBXNativeTarget;
			buildConfigurationList = 813A9A571D6722C8003F1109 /* Build configuration list for PBXNativeTarget "adapter_pattern" */;
			buildPhases = (
				813A9A3C1D6722C8003F1109 /* Sources */,
				813A9A3D1D6722C8003F1109 /* Frameworks */,
				813A9A3E1D6722C8003F1109 /* Resources */,
			);
			buildRules = (
			);
			dependencies = (
			);
			name = adapter_pattern;
			productName = adapter_pattern;
			productReference = 813A9A401D6722C8003F1109 /* adapter_pattern.app */;
			productType = "com.apple.product-type.application";
		};
/* End PBXNativeTarget section */

/* Begin PBXProject section */
		813A9A381D6722C8003F1109 /* Project object */ = {
			isa = PBXProject;
			attributes = {
				LastUpgradeCheck = 0730;
				ORGANIZATIONNAME = "Dmitriy Arkhipov";
				TargetAttributes = {
					813A9A3F1D6722C8003F1109 = {
						CreatedOnToolsVersion = 7.3.1;
					};
				};
			};
			buildConfigurationList = 813A9A3B1D6722C8003F1109 /* Build configuration list for PBXProject "adapter_pattern" */;
			compatibilityVersion = "Xcode 3.2";
			developmentRegion = English;
			hasScannedForEncodings = 0;
			knownRegions = (
				en,
				Base,
			);
			mainGroup = 813A9A371D6722C8003F1109;
			productRefGroup = 813A9A411D6722C8003F1109 /* Products */;
			projectDirPath = "";
			projectRoot = "";
			targets = (
				813A9A3F1D6722C8003F1109 /* adapter_pattern */,
			);
		};
/* End PBXProject section */

/* Begin PBXResourcesBuildPhase section */
		813A9A3E1D6722C8003F1109 /* Resources */ = {
			isa = PBXResourcesBuildPhase;
			buildActionMask = 2147483647;
			files = (
				813A9A531D6722C8003F1109 /* LaunchScreen.storyboard in Resources */,
				813A9A501D6722C8003F1109 /* Assets.xcassets in Resources */,
				81FCF8161D8B0E1F00A808BB /* LICENSE in Resources */,
				813A9A4E1D6722C8003F1109 /* Main.storyboard in Resources */,
			);
			runOnlyForDeploymentPostprocessing = 0;
		};
/* End PBXResourcesBuildPhase section */

/* Begin PBXSourcesBuildPhase section */
		813A9A3C1D6722C8003F1109 /* Sources */ = {
			isa = PBXSourcesBuildPhase;
			buildActionMask = 2147483647;
			files = (
				813A9A651D6729F8003F1109 /* Camel.m in Sources */,
				813A9A4B1D6722C8003F1109 /* ViewController.m in Sources */,
				813A9A481D6722C8003F1109 /* AppDelegate.m in Sources */,
				813A9A5E1D6727E8003F1109 /* Auto.m in Sources */,
				813A9A451D6722C8003F1109 /* main.m in Sources */,
				813A9A681D672A74003F1109 /* CamelToTransportAdapter.m in Sources */,
				813A9A611D672869003F1109 /* Driver.m in Sources */,
			);
			runOnlyForDeploymentPostprocessing = 0;
		};
/* End PBXSourcesBuildPhase section */

/* Begin PBXVariantGroup section */
		813A9A4C1D6722C8003F1109 /* Main.storyboard */ = {
			isa = PBXVariantGroup;
			children = (
				813A9A4D1D6722C8003F1109 /* Base */,
			);
			name = Main.storyboard;
			sourceTree = "<group>";
		};
		813A9A511D6722C8003F1109 /* LaunchScreen.storyboard */ = {
			isa = PBXVariantGroup;
			children = (
				813A9A521D6722C8003F1109 /* Base */,
			);
			name = LaunchScreen.storyboard;
			sourceTree = "<group>";
		};
/* End PBXVariantGroup section */

/* Begin XCBuildConfiguration section */
		813A9A551D6722C8003F1109 /* Debug */ = {
			isa = XCBuildConfiguration;
			buildSettings = {
				ALWAYS_SEARCH_USER_PATHS = NO;
				CLANG_ANALYZER_NONNULL = YES;
				CLANG_CXX_LANGUAGE_STANDARD = "gnu++0x";
				CLANG_CXX_LIBRARY = "libc++";
				CLANG_ENABLE_MODULES = YES;
				CLANG_ENABLE_OBJC_ARC = YES;
				CLANG_WARN_BOOL_CONVERSION = YES;
				CLANG_WARN_CONSTANT_CONVERSION = YES;
				CLANG_WARN_DIRECT_OBJC_ISA_USAGE = YES_ERROR;
				CLANG_WARN_EMPTY_BODY = YES;
				CLANG_WARN_ENUM_CONVERSION = YES;
				CLANG_WARN_INT_CONVERSION = YES;
				CLANG_WARN_OBJC_ROOT_CLASS = YES_ERROR;
				CLANG_WARN_UNREACHABLE_CODE = YES;
				CLANG_WARN__DUPLICATE_METHOD_MATCH = YES;
				"CODE_SIGN_IDENTITY[sdk=iphoneos*]" = "iPhone Developer";
				COPY_PHASE_STRIP = NO;
				DEBUG_INFORMATION_FORMAT = dwarf;
				ENABLE_STRICT_OBJC_MSGSEND = YES;
				ENABLE_TESTABILITY = YES;
				GCC_C_LANGUAGE_STANDARD = gnu99;
				GCC_DYNAMIC_NO_PIC = NO;
				GCC_NO_COMMON_BLOCKS = YES;
				GCC_OPTIMIZATION_LEVEL = 0;
				GCC_PREPROCESSOR_DEFINITIONS = (
					"DEBUG=1",
					"$(inherited)",
				);
				GCC_WARN_64_TO_32_BIT_CONVERSION = YES;
				GCC_WARN_ABOUT_RETURN_TYPE = YES_ERROR;
				GCC_WARN_UNDECLARED_SELECTOR = YES;
				GCC_WARN_UNINITIALIZED_AUTOS = YES_AGGRESSIVE;
				GCC_WARN_UNUSED_FUNCTION = YES;
				GCC_WARN_UNUSED_VARIABLE = YES;
				IPHONEOS_DEPLOYMENT_TARGET = 9.3;
				MTL_ENABLE_DEBUG_INFO = YES;
				ONLY_ACTIVE_ARCH = YES;
				SDKROOT = iphoneos;
				TARGETED_DEVICE_FAMILY = "1,2";
			};
			name = Debug;
		};
		813A9A561D6722C8003F1109 /* Release */ = {
			isa = XCBuildConfiguration;
			buildSettings = {
				ALWAYS_SEARCH_USER_PATHS = NO;
				CLANG_ANALYZER_NONNULL = YES;
				CLANG_CXX_LANGUAGE_STANDARD = "gnu++0x";
				CLANG_CXX_LIBRARY = "libc++";
				CLANG_ENABLE_MODULES = YES;
				CLANG_ENABLE_OBJC_ARC = YES;
				CLANG_WARN_BOOL_CONVERSION = YES;
				CLANG_WARN_CONSTANT_CONVERSION = YES;
				CLANG_WARN_DIRECT_OBJC_ISA_USAGE = YES_ERROR;
				CLANG_WARN_EMPTY_BODY = YES;
				CLANG_WARN_ENUM_CONVERSION = YES;
				CLANG_WARN_INT_CONVERSION = YES;
				CLANG_WARN_OBJC_ROOT_CLASS = YES_ERROR;
				CLANG_WARN_UNREACHABLE_CODE = YES;
				CLANG_WARN__DUPLICATE_METHOD_MATCH = YES;
				"CODE_SIGN_IDENTITY[sdk=iphoneos*]" = "iPhone Developer";
				COPY_PHASE_STRIP = NO;
				DEBUG_INFORMATION_FORMAT = "dwarf-with-dsym";
				ENABLE_NS_ASSERTIONS = NO;
				ENABLE_STRICT_OBJC_MSGSEND = YES;
				GCC_C_LANGUAGE_STANDARD = gnu99;
				GCC_NO_COMMON_BLOCKS = YES;
				GCC_WARN_64_TO_32_BIT_CONVERSION = YES;
				GCC_WARN_ABOUT_RETURN_TYPE = YES_ERROR;
				GCC_WARN_UNDECLARED_SELECTOR = YES;
				GCC_WARN_UNINITIALIZED_AUTOS = YES_AGGRESSIVE;
				GCC_WARN_UNUSED_FUNCTION = YES;
				GCC_WARN_UNUSED_VARIABLE = YES;
				IPHONEOS_DEPLOYMENT_TARGET = 9.3;
				MTL_ENABLE_DEBUG_INFO = NO;
				SDKROOT = iphoneos;
				TARGETED_DEVICE_FAMILY = "1,2";
				VALIDATE_PRODUCT = YES;
			};
			name = Release;
		};
		813A9A581D6722C8003F1109 /* Debug */ = {
			isa = XCBuildConfiguration;
			buildSettings = {
				ASSETCATALOG_COMPILER_APPICON_NAME = AppIcon;
				INFOPLIST_FILE = adapter_pattern/Info.plist;
				LD_RUNPATH_SEARCH_PATHS = "$(inherited) @executable_path/Frameworks";
				PRODUCT_BUNDLE_IDENTIFIER = "com.dmitriyarkhipov.adapter-pattern";
				PRODUCT_NAME = "$(TARGET_NAME)";
			};
			name = Debug;
		};
		813A9A591D6722C8003F1109 /* Release */ = {
			isa = XCBuildConfiguration;
			buildSettings = {
				ASSETCATALOG_COMPILER_APPICON_NAME = AppIcon;
				INFOPLIST_FILE = adapter_pattern/Info.plist;
				LD_RUNPATH_SEARCH_PATHS = "$(inherited) @executable_path/Frameworks";
				PRODUCT_BUNDLE_IDENTIFIER = "com.dmitriyarkhipov.adapter-pattern";
				PRODUCT_NAME = "$(TARGET_NAME)";
			};
			name = Release;
		};
/* End XCBuildConfiguration section */

/* Begin XCConfigurationList section */
		813A9A3B1D6722C8003F1109 /* Build configuration list for PBXProject "adapter_pattern" */ = {
			isa = XCConfigurationList;
			buildConfigurations = (
				813A9A551D6722C8003F1109 /* Debug */,
				813A9A561D6722C8003F1109 /* Release */,
			);
			defaultConfigurationIsVisible = 0;
			defaultConfigurationName = Release;
		};
		813A9A571D6722C8003F1109 /* Build configuration list for PBXNativeTarget "adapter_pattern" */ = {
			isa = XCConfigurationList;
			buildConfigurations = (
				813A9A581D6722C8003F1109 /* Debug */,
				813A9A591D6722C8003F1109 /* Release */,
			);
			defaultConfigurationIsVisible = 0;
			defaultConfigurationName = Release;
		};
/* End XCConfigurationList section */
	};
	rootObject = 813A9A381D6722C8003F1109 /* Project object */;
}
